// !$*UTF8*$!
{
	archiveVersion = 1;
	classes = {
	};
	objectVersion = 46;
	objects = {

/* Begin PBXBuildFile section */
		1CD707FF1E67C87900928EA8 /* main.m in Sources */ = {isa = PBXBuildFile; fileRef = 1CD707FE1E67C87900928EA8 /* main.m */; };
		1CD708021E67C87900928EA8 /* AppDelegate.m in Sources */ = {isa = PBXBuildFile; fileRef = 1CD708011E67C87900928EA8 /* AppDelegate.m */; };
		1CD708051E67C87900928EA8 /* ViewController.m in Sources */ = {isa = PBXBuildFile; fileRef = 1CD708041E67C87900928EA8 /* ViewController.m */; };
		1CD708081E67C87900928EA8 /* Main.storyboard in Resources */ = {isa = PBXBuildFile; fileRef = 1CD708061E67C87900928EA8 /* Main.storyboard */; };
		1CD7080A1E67C87900928EA8 /* Assets.xcassets in Resources */ = {isa = PBXBuildFile; fileRef = 1CD708091E67C87900928EA8 /* Assets.xcassets */; };
		1CD7080D1E67C87900928EA8 /* LaunchScreen.storyboard in Resources */ = {isa = PBXBuildFile; fileRef = 1CD7080B1E67C87900928EA8 /* LaunchScreen.storyboard */; };
		1CD708161E67C94D00928EA8 /* CoreLocation.framework in Frameworks */ = {isa = PBXBuildFile; fileRef = 1CD708151E67C94D00928EA8 /* CoreLocation.framework */; };
		1CD708191E67C9DB00928EA8 /* ZHLocationManager.m in Sources */ = {isa = PBXBuildFile; fileRef = 1CD708181E67C9DB00928EA8 /* ZHLocationManager.m */; };
/* End PBXBuildFile section */

/* Begin PBXFileReference section */
		1CD707FA1E67C87900928EA8 /* ZHLocation_Demo_01.app */ = {isa = PBXFileReference; explicitFileType = wrapper.application; includeInIndex = 0; path = ZHLocation_Demo_01.app; sourceTree = BUILT_PRODUCTS_DIR; };
		1CD707FE1E67C87900928EA8 /* main.m */ = {isa = PBXFileReference; lastKnownFileType = sourcecode.c.objc; path = main.m; sourceTree = "<group>"; };
		1CD708001E67C87900928EA8 /* AppDelegate.h */ = {isa = PBXFileReference; lastKnownFileType = sourcecode.c.h; path = AppDelegate.h; sourceTree = "<group>"; };
		1CD708011E67C87900928EA8 /* AppDelegate.m */ = {isa = PBXFileReference; lastKnownFileType = sourcecode.c.objc; path = AppDelegate.m; sourceTree = "<group>"; };
		1CD708031E67C87900928EA8 /* ViewController.h */ = {isa = PBXFileReference; lastKnownFileType = sourcecode.c.h; path = ViewController.h; sourceTree = "<group>"; };
		1CD708041E67C87900928EA8 /* ViewController.m */ = {isa = PBXFileReference; lastKnownFileType = sourcecode.c.objc; path = ViewController.m; sourceTree = "<group>"; };
		1CD708071E67C87900928EA8 /* Base */ = {isa = PBXFileReference; lastKnownFileType = file.storyboard; name = Base; path = Base.lproj/Main.storyboard; sourceTree = "<group>"; };
		1CD708091E67C87900928EA8 /* Assets.xcassets */ = {isa = PBXFileReference; lastKnownFileType = folder.assetcatalog; path = Assets.xcassets; sourceTree = "<group>"; };
		1CD7080C1E67C87900928EA8 /* Base */ = {isa = PBXFileReference; lastKnownFileType = file.storyboard; name = Base; path = Base.lproj/LaunchScreen.storyboard; sourceTree = "<group>"; };
		1CD7080E1E67C87900928EA8 /* Info.plist */ = {isa = PBXFileReference; lastKnownFileType = text.plist.xml; path = Info.plist; sourceTree = "<group>"; };
		1CD708151E67C94D00928EA8 /* CoreLocation.framework */ = {isa = PBXFileReference; lastKnownFileType = wrapper.framework; name = CoreLocation.framework; path = System/Library/Frameworks/CoreLocation.framework; sourceTree = SDKROOT; };
		1CD708171E67C9DB00928EA8 /* ZHLocationManager.h */ = {isa = PBXFileReference; fileEncoding = 4; lastKnownFileType = sourcecode.c.h; path = ZHLocationManager.h; sourceTree = "<group>"; };
		1CD708181E67C9DB00928EA8 /* ZHLocationManager.m */ = {isa = PBXFileReference; fileEncoding = 4; lastKnownFileType = sourcecode.c.objc; path = ZHLocationManager.m; sourceTree = "<group>"; };
/* End PBXFileReference section */

/* Begin PBXFrameworksBuildPhase section */
		1CD707F71E67C87900928EA8 /* Frameworks */ = {
			isa = PBXFrameworksBuildPhase;
			buildActionMask = 2147483647;
			files = (
				1CD708161E67C94D00928EA8 /* CoreLocation.framework in Frameworks */,
			);
			runOnlyForDeploymentPostprocessing = 0;
		};
/* End PBXFrameworksBuildPhase section */

/* Begin PBXGroup section */
		1CD707F11E67C87900928EA8 = {
			isa = PBXGroup;
			children = (
				1CD707FC1E67C87900928EA8 /* ZHLocation_Demo_01 */,
				1CD707FB1E67C87900928EA8 /* Products */,
				1CD708141E67C94D00928EA8 /* Frameworks */,
			);
			sourceTree = "<group>";
		};
		1CD707FB1E67C87900928EA8 /* Products */ = {
			isa = PBXGroup;
			children = (
				1CD707FA1E67C87900928EA8 /* ZHLocation_Demo_01.app */,
			);
			name = Products;
			sourceTree = "<group>";
		};
		1CD707FC1E67C87900928EA8 /* ZHLocation_Demo_01 */ = {
			isa = PBXGroup;
			children = (
				1CD708001E67C87900928EA8 /* AppDelegate.h */,
				1CD708011E67C87900928EA8 /* AppDelegate.m */,
				1CD708031E67C87900928EA8 /* ViewController.h */,
				1CD708041E67C87900928EA8 /* ViewController.m */,
				1CD708171E67C9DB00928EA8 /* ZHLocationManager.h */,
				1CD708181E67C9DB00928EA8 /* ZHLocationManager.m */,
				1CD708061E67C87900928EA8 /* Main.storyboard */,
				1CD708091E67C87900928EA8 /* Assets.xcassets */,
				1CD7080B1E67C87900928EA8 /* LaunchScreen.storyboard */,
				1CD7080E1E67C87900928EA8 /* Info.plist */,
				1CD707FD1E67C87900928EA8 /* Supporting Files */,
			);
			path = ZHLocation_Demo_01;
			sourceTree = "<group>";
		};
		1CD707FD1E67C87900928EA8 /* Supporting Files */ = {
			isa = PBXGroup;
			children = (
				1CD707FE1E67C87900928EA8 /* main.m */,
			);
			name = "Supporting Files";
			sourceTree = "<group>";
		};
		1CD708141E67C94D00928EA8 /* Frameworks */ = {
			isa = PBXGroup;
			children = (
				1CD708151E67C94D00928EA8 /* CoreLocation.framework */,
			);
			name = Frameworks;
			sourceTree = "<group>";
		};
/* End PBXGroup section */

/* Begin PBXNativeTarget section */
		1CD707F91E67C87900928EA8 /* ZHLocation_Demo_01 */ = {
			isa = PBXNativeTarget;
			buildConfigurationList = 1CD708111E67C87900928EA8 /* Build configuration list for PBXNativeTarget "ZHLocation_Demo_01" */;
			buildPhases = (
				1CD707F61E67C87900928EA8 /* Sources */,
				1CD707F71E67C87900928EA8 /* Frameworks */,
				1CD707F81E67C87900928EA8 /* Resources */,
			);
			buildRules = (
			);
			dependencies = (
			);
			name = ZHLocation_Demo_01;
			productName = ZHLocation_Demo_01;
			productReference = 1CD707FA1E67C87900928EA8 /* ZHLocation_Demo_01.app */;
			productType = "com.apple.product-type.application";
		};
/* End PBXNativeTarget section */

/* Begin PBXProject section */
		1CD707F21E67C87900928EA8 /* Project object */ = {
			isa = PBXProject;
			attributes = {
				LastUpgradeCheck = 0820;
				ORGANIZATIONNAME = object.Test;
				TargetAttributes = {
					1CD707F91E67C87900928EA8 = {
						CreatedOnToolsVersion = 8.2.1;
						ProvisioningStyle = Automatic;
					};
				};
			};
			buildConfigurationList = 1CD707F51E67C87900928EA8 /* Build configuration list for PBXProject "ZHLocation_Demo_01" */;
			compatibilityVersion = "Xcode 3.2";
			developmentRegion = English;
			hasScannedForEncodings = 0;
			knownRegions = (
				en,
				Base,
			);
			mainGroup = 1CD707F11E67C87900928EA8;
			productRefGroup = 1CD707FB1E67C87900928EA8 /* Products */;
			projectDirPath = "";
			projectRoot = "";
			targets = (
				1CD707F91E67C87900928EA8 /* ZHLocation_Demo_01 */,
			);
		};
/* End PBXProject section */

/* Begin PBXResourcesBuildPhase section */
		1CD707F81E67C87900928EA8 /* Resources */ = {
			isa = PBXResourcesBuildPhase;
			buildActionMask = 2147483647;
			files = (
				1CD7080D1E67C87900928EA8 /* LaunchScreen.storyboard in Resources */,
				1CD7080A1E67C87900928EA8 /* Assets.xcassets in Resources */,
				1CD708081E67C87900928EA8 /* Main.storyboard in Resources */,
			);
			runOnlyForDeploymentPostprocessing = 0;
		};
/* End PBXResourcesBuildPhase section */

/* Begin PBXSourcesBuildPhase section */
		1CD707F61E67C87900928EA8 /* Sources */ = {
			isa = PBXSourcesBuildPhase;
			buildActionMask = 2147483647;
			files = (
				1CD708191E67C9DB00928EA8 /* ZHLocationManager.m in Sources */,
				1CD708051E67C87900928EA8 /* ViewController.m in Sources */,
				1CD708021E67C87900928EA8 /* AppDelegate.m in Sources */,
				1CD707FF1E67C87900928EA8 /* main.m in Sources */,
			);
			runOnlyForDeploymentPostprocessing = 0;
		};
/* End PBXSourcesBuildPhase section */

/* Begin PBXVariantGroup section */
		1CD708061E67C87900928EA8 /* Main.storyboard */ = {
			isa = PBXVariantGroup;
			children = (
				1CD708071E67C87900928EA8 /* Base */,
			);
			name = Main.storyboard;
			sourceTree = "<group>";
		};
		1CD7080B1E67C87900928EA8 /* LaunchScreen.storyboard */ = {
			isa = PBXVariantGroup;
			children = (
				1CD7080C1E67C87900928EA8 /* Base */,
			);
			name = LaunchScreen.storyboard;
			sourceTree = "<group>";
		};
/* End PBXVariantGroup section */

/* Begin XCBuildConfiguration section */
		1CD7080F1E67C87900928EA8 /* Debug */ = {
			isa = XCBuildConfiguration;
			buildSettings = {
				ALWAYS_SEARCH_USER_PATHS = NO;
				CLANG_ANALYZER_NONNULL = YES;
				CLANG_CXX_LANGUAGE_STANDARD = "gnu++0x";
				CLANG_CXX_LIBRARY = "libc++";
				CLANG_ENABLE_MODULES = YES;
				CLANG_ENABLE_OBJC_ARC = YES;
				CLANG_WARN_BOOL_CONVERSION = YES;
				CLANG_WARN_CONSTANT_CONVERSION = YES;
				CLANG_WARN_DIRECT_OBJC_ISA_USAGE = YES_ERROR;
				CLANG_WARN_DOCUMENTATION_COMMENTS = YES;
				CLANG_WARN_EMPTY_BODY = YES;
				CLANG_WARN_ENUM_CONVERSION = YES;
				CLANG_WARN_INFINITE_RECURSION = YES;
				CLANG_WARN_INT_CONVERSION = YES;
				CLANG_WARN_OBJC_ROOT_CLASS = YES_ERROR;
				CLANG_WARN_SUSPICIOUS_MOVE = YES;
				CLANG_WARN_UNREACHABLE_CODE = YES;
				CLANG_WARN__DUPLICATE_METHOD_MATCH = YES;
				"CODE_SIGN_IDENTITY[sdk=iphoneos*]" = "iPhone Developer";
				COPY_PHASE_STRIP = NO;
				DEBUG_INFORMATION_FORMAT = dwarf;
				ENABLE_STRICT_OBJC_MSGSEND = YES;
				ENABLE_TESTABILITY = YES;
				GCC_C_LANGUAGE_STANDARD = gnu99;
				GCC_DYNAMIC_NO_PIC = NO;
				GCC_NO_COMMON_BLOCKS = YES;
				GCC_OPTIMIZATION_LEVEL = 0;
				GCC_PREPROCESSOR_DEFINITIONS = (
					"DEBUG=1",
					"$(inherited)",
				);
				GCC_WARN_64_TO_32_BIT_CONVERSION = YES;
				GCC_WARN_ABOUT_RETURN_TYPE = YES_ERROR;
				GCC_WARN_UNDECLARED_SELECTOR = YES;
				GCC_WARN_UNINITIALIZED_AUTOS = YES_AGGRESSIVE;
				GCC_WARN_UNUSED_FUNCTION = YES;
				GCC_WARN_UNUSED_VARIABLE = YES;
				IPHONEOS_DEPLOYMENT_TARGET = 10.2;
				MTL_ENABLE_DEBUG_INFO = YES;
				ONLY_ACTIVE_ARCH = YES;
				SDKROOT = iphoneos;
			};
			name = Debug;
		};
		1CD708101E67C87900928EA8 /* Release */ = {
			isa = XCBuildConfiguration;
			buildSettings = {
				ALWAYS_SEARCH_USER_PATHS = NO;
				CLANG_ANALYZER_NONNULL = YES;
				CLANG_CXX_LANGUAGE_STANDARD = "gnu++0x";
				CLANG_CXX_LIBRARY = "libc++";
				CLANG_ENABLE_MODULES = YES;
				CLANG_ENABLE_OBJC_ARC = YES;
				CLANG_WARN_BOOL_CONVERSION = YES;
				CLANG_WARN_CONSTANT_CONVERSION = YES;
				CLANG_WARN_DIRECT_OBJC_ISA_USAGE = YES_ERROR;
				CLANG_WARN_DOCUMENTATION_COMMENTS = YES;
				CLANG_WARN_EMPTY_BODY = YES;
				CLANG_WARN_ENUM_CONVERSION = YES;
				CLANG_WARN_INFINITE_RECURSION = YES;
				CLANG_WARN_INT_CONVERSION = YES;
				CLANG_WARN_OBJC_ROOT_CLASS = YES_ERROR;
				CLANG_WARN_SUSPICIOUS_MOVE = YES;
				CLANG_WARN_UNREACHABLE_CODE = YES;
				CLANG_WARN__DUPLICATE_METHOD_MATCH = YES;
				"CODE_SIGN_IDENTITY[sdk=iphoneos*]" = "iPhone Developer";
				COPY_PHASE_STRIP = NO;
				DEBUG_INFORMATION_FORMAT = "dwarf-with-dsym";
				ENABLE_NS_ASSERTIONS = NO;
				ENABLE_STRICT_OBJC_MSGSEND = YES;
				GCC_C_LANGUAGE_STANDARD = gnu99;
				GCC_NO_COMMON_BLOCKS = YES;
				GCC_WARN_64_TO_32_BIT_CONVERSION = YES;
				GCC_WARN_ABOUT_RETURN_TYPE = YES_ERROR;
				GCC_WARN_UNDECLARED_SELECTOR = YES;
				GCC_WARN_UNINITIALIZED_AUTOS = YES_AGGRESSIVE;
				GCC_WARN_UNUSED_FUNCTION = YES;
				GCC_WARN_UNUSED_VARIABLE = YES;
				IPHONEOS_DEPLOYMENT_TARGET = 10.2;
				MTL_ENABLE_DEBUG_INFO = NO;
				SDKROOT = iphoneos;
				VALIDATE_PRODUCT = YES;
			};
			name = Release;
		};
		1CD708121E67C87900928EA8 /* Debug */ = {
			isa = XCBuildConfiguration;
			buildSettings = {
				ASSETCATALOG_COMPILER_APPICON_NAME = AppIcon;
				INFOPLIST_FILE = ZHLocation_Demo_01/Info.plist;
				LD_RUNPATH_SEARCH_PATHS = "$(inherited) @executable_path/Frameworks";
				PRODUCT_BUNDLE_IDENTIFIER = "com.4team.ttclubVest.ZHLocation-Demo-01";
				PRODUCT_NAME = "$(TARGET_NAME)";
			};
			name = Debug;
		};
		1CD708131E67C87900928EA8 /* Release */ = {
			isa = XCBuildConfiguration;
			buildSettings = {
				ASSETCATALOG_COMPILER_APPICON_NAME = AppIcon;
				INFOPLIST_FILE = ZHLocation_Demo_01/Info.plist;
				LD_RUNPATH_SEARCH_PATHS = "$(inherited) @executable_path/Frameworks";
				PRODUCT_BUNDLE_IDENTIFIER = "com.4team.ttclubVest.ZHLocation-Demo-01";
				PRODUCT_NAME = "$(TARGET_NAME)";
			};
			name = Release;
		};
/* End XCBuildConfiguration section */

/* Begin XCConfigurationList section */
		1CD707F51E67C87900928EA8 /* Build configuration list for PBXProject "ZHLocation_Demo_01" */ = {
			isa = XCConfigurationList;
			buildConfigurations = (
				1CD7080F1E67C87900928EA8 /* Debug */,
				1CD708101E67C87900928EA8 /* Release */,
			);
			defaultConfigurationIsVisible = 0;
			defaultConfigurationName = Release;
		};
		1CD708111E67C87900928EA8 /* Build configuration list for PBXNativeTarget "ZHLocation_Demo_01" */ = {
			isa = XCConfigurationList;
			buildConfigurations = (
				1CD708121E67C87900928EA8 /* Debug */,
				1CD708131E67C87900928EA8 /* Release */,
			);
			defaultConfigurationIsVisible = 0;
			defaultConfigurationName = Release;
		};
/* End XCConfigurationList section */
	};
	rootObject = 1CD707F21E67C87900928EA8 /* Project object */;
}
